// !$*UTF8*$!
{
	archiveVersion = 1;
	classes = {
	};
	objectVersion = 54;
	objects = {

/* Begin PBXBuildFile section */
		00E356F31AD99517003FC87E /* StorakTests.m in Sources */ = {isa = PBXBuildFile; fileRef = 00E356F21AD99517003FC87E /* StorakTests.m */; };
		064FA4F0C92F493F91E6FBC9 /* AntDesign.ttf in Resources */ = {isa = PBXBuildFile; fileRef = F033347AAEB847EFB3FFA516 /* AntDesign.ttf */; };
		0719EB489DE04276B8BD2E5C /* FontAwesome5_Brands.ttf in Resources */ = {isa = PBXBuildFile; fileRef = F2D87F1F1CA84E6C90300640 /* FontAwesome5_Brands.ttf */; };
		08556AA21A644684A7788D27 /* MaterialIcons.ttf in Resources */ = {isa = PBXBuildFile; fileRef = 8B2D61F2D4E64411B41A1C03 /* MaterialIcons.ttf */; };
		086C7A90A5C5432D9A82925F /* Octicons.ttf in Resources */ = {isa = PBXBuildFile; fileRef = C89BD13B4F814E84AC5BA3B1 /* Octicons.ttf */; };
		13B07FBC1A68108700A75B9A /* AppDelegate.m in Sources */ = {isa = PBXBuildFile; fileRef = 13B07FB01A68108700A75B9A /* AppDelegate.m */; };
		13B07FBF1A68108700A75B9A /* Images.xcassets in Resources */ = {isa = PBXBuildFile; fileRef = 13B07FB51A68108700A75B9A /* Images.xcassets */; };
		13B07FC11A68108700A75B9A /* main.m in Sources */ = {isa = PBXBuildFile; fileRef = 13B07FB71A68108700A75B9A /* main.m */; };
		1C166AFEA03C4A2BA38EEC3A /* Roboto_medium.ttf in Resources */ = {isa = PBXBuildFile; fileRef = 788F607C7B8E40ACA259200B /* Roboto_medium.ttf */; };
		20723114278446D195D37D21 /* FontAwesome5_Solid.ttf in Resources */ = {isa = PBXBuildFile; fileRef = E73D50AF149842B3BD32BCCA /* FontAwesome5_Solid.ttf */; };
		22752062FD1046C6A96A479F /* Zocial.ttf in Resources */ = {isa = PBXBuildFile; fileRef = A009EA3A93164491933E2A4C /* Zocial.ttf */; };
		22BD4112A7E94158ACC84B8C /* SimpleLineIcons.ttf in Resources */ = {isa = PBXBuildFile; fileRef = 3689BC8C525040BD8701F8B1 /* SimpleLineIcons.ttf */; };
		2B8174D86091424D8D5F6540 /* FontAwesome.ttf in Resources */ = {isa = PBXBuildFile; fileRef = A0377A9F8D32465E987A39E4 /* FontAwesome.ttf */; };
		3ABEACF48C50439CBD29EB37 /* Fontisto.ttf in Resources */ = {isa = PBXBuildFile; fileRef = 1497E4CEFBEC430F8B2F1BBF /* Fontisto.ttf */; };
		40F75A4567ED49089F0557BB /* Feather.ttf in Resources */ = {isa = PBXBuildFile; fileRef = 984AC4326AAD490BB5F6AAB4 /* Feather.ttf */; };
		4942382B8CAFCAD6A1DE3E57 /* libPods-Storak.a in Frameworks */ = {isa = PBXBuildFile; fileRef = 6F2E757FA44E45B88D133634 /* libPods-Storak.a */; };
		4CAE22AA014948A0873293CB /* EvilIcons.ttf in Resources */ = {isa = PBXBuildFile; fileRef = 878B5568D33C419BBDB6CF78 /* EvilIcons.ttf */; };
		51C387318FE8452D96E1FFF6 /* MaterialCommunityIcons.ttf in Resources */ = {isa = PBXBuildFile; fileRef = E4E726EA0F3D46668742F9D1 /* MaterialCommunityIcons.ttf */; };
		5B1007DE965A4C4ABBDD8804 /* Ionicons.ttf in Resources */ = {isa = PBXBuildFile; fileRef = 1F127E55D41A48A5976BF4C9 /* Ionicons.ttf */; };
		5B1EBD6926A246949A0478E8 /* MaterialCommunityIcons.ttf in Resources */ = {isa = PBXBuildFile; fileRef = 6639F9331F044895B03AE31C /* MaterialCommunityIcons.ttf */; };
		6E10208B19044A6DB03F67B2 /* Entypo.ttf in Resources */ = {isa = PBXBuildFile; fileRef = A6B5A8B34BB045C0AD2785BE /* Entypo.ttf */; };
		72F70CAA1D2446A2A0433C76 /* Ionicons.ttf in Resources */ = {isa = PBXBuildFile; fileRef = 4D6FED3D437B455CB503267A /* Ionicons.ttf */; };
		77A74D56EC574BF79DB0C811 /* FontAwesome5_Solid.ttf in Resources */ = {isa = PBXBuildFile; fileRef = A7F7507A47EA424D9383EDF0 /* FontAwesome5_Solid.ttf */; };
		7852DE565B2648AA9912566C /* Zocial.ttf in Resources */ = {isa = PBXBuildFile; fileRef = C56B881E4B2041E4ABBC89BA /* Zocial.ttf */; };
		81AB9BB82411601600AC10FF /* LaunchScreen.storyboard in Resources */ = {isa = PBXBuildFile; fileRef = 81AB9BB72411601600AC10FF /* LaunchScreen.storyboard */; };
		88DE5EF58CA74CE2ADC40808 /* rubicon-icon-font.ttf in Resources */ = {isa = PBXBuildFile; fileRef = 7C7D98B55EE040BEA295957B /* rubicon-icon-font.ttf */; };
		8D9FDD2C86FC47F096FB43FF /* FontAwesome5_Regular.ttf in Resources */ = {isa = PBXBuildFile; fileRef = 820A6C57CC5A4F648AF4A8B0 /* FontAwesome5_Regular.ttf */; };
		92790B11A0AF42B48A8D4E47 /* FontAwesome.ttf in Resources */ = {isa = PBXBuildFile; fileRef = CED3889338714A00875E2206 /* FontAwesome.ttf */; };
		9B7D156BE4134DA4BD1D5153 /* Fontisto.ttf in Resources */ = {isa = PBXBuildFile; fileRef = 01488793E7374C5299AC345D /* Fontisto.ttf */; };
		9C20F7C0B5DA47F4B6545270 /* FontAwesome5_Brands.ttf in Resources */ = {isa = PBXBuildFile; fileRef = C94010431D984583AC92CB33 /* FontAwesome5_Brands.ttf */; };
		9DA45BA53E054DC391806D6C /* Entypo.ttf in Resources */ = {isa = PBXBuildFile; fileRef = 3A587C4CF0F34F1AA3F313FA /* Entypo.ttf */; };
		9E185B3D8187438183483508 /* Feather.ttf in Resources */ = {isa = PBXBuildFile; fileRef = 33EF1D5EF0614ABDB1A94026 /* Feather.ttf */; };
		A08EC18A34D841329073352A /* EvilIcons.ttf in Resources */ = {isa = PBXBuildFile; fileRef = 6102E841C7FE49BAA4418BE4 /* EvilIcons.ttf */; };
		A4485E05126140C3B6646128 /* Foundation.ttf in Resources */ = {isa = PBXBuildFile; fileRef = D4FF211E106F492998390269 /* Foundation.ttf */; };
		B7B6CFDC5445104BB9F4D363 /* libPods-Storak-StorakTests.a in Frameworks */ = {isa = PBXBuildFile; fileRef = 812EA5C1C69D7C0AAF73396B /* libPods-Storak-StorakTests.a */; };
		CDF3434F7C824D579C071281 /* SimpleLineIcons.ttf in Resources */ = {isa = PBXBuildFile; fileRef = 6C2AAF1CB2D04414B60BC647 /* SimpleLineIcons.ttf */; };
		D6E3ABE921804815816BB366 /* MaterialIcons.ttf in Resources */ = {isa = PBXBuildFile; fileRef = D2F4D31349B741BEB1564A13 /* MaterialIcons.ttf */; };
		EDC482865CA4495A9890FEE1 /* Roboto.ttf in Resources */ = {isa = PBXBuildFile; fileRef = 7FBEA7772D2747CCA81BF840 /* Roboto.ttf */; };
		F10849FD2013493B8125BA40 /* FontAwesome5_Regular.ttf in Resources */ = {isa = PBXBuildFile; fileRef = 1BE11341C64B4B6AA403CB11 /* FontAwesome5_Regular.ttf */; };
		F2E9B8E67605496386CCA56E /* Foundation.ttf in Resources */ = {isa = PBXBuildFile; fileRef = 15DF7317C07A4F7A9704BB1C /* Foundation.ttf */; };
		F2ECCD7111E649DC9B55E7E3 /* AntDesign.ttf in Resources */ = {isa = PBXBuildFile; fileRef = 198BDAD44105427D9E7EAFF0 /* AntDesign.ttf */; };
		FD88B8ABC1CD4EBA9F964994 /* Octicons.ttf in Resources */ = {isa = PBXBuildFile; fileRef = 3D733D06ED1D47AE9CAC9C28 /* Octicons.ttf */; };
/* End PBXBuildFile section */

/* Begin PBXContainerItemProxy section */
		00E356F41AD99517003FC87E /* PBXContainerItemProxy */ = {
			isa = PBXContainerItemProxy;
			containerPortal = 83CBB9F71A601CBA00E9B192 /* Project object */;
			proxyType = 1;
			remoteGlobalIDString = 13B07F861A680F5B00A75B9A;
			remoteInfo = Storak;
		};
/* End PBXContainerItemProxy section */

/* Begin PBXFileReference section */
		00E356EE1AD99517003FC87E /* StorakTests.xctest */ = {isa = PBXFileReference; explicitFileType = wrapper.cfbundle; includeInIndex = 0; path = StorakTests.xctest; sourceTree = BUILT_PRODUCTS_DIR; };
		00E356F11AD99517003FC87E /* Info.plist */ = {isa = PBXFileReference; lastKnownFileType = text.plist.xml; path = Info.plist; sourceTree = "<group>"; };
		00E356F21AD99517003FC87E /* StorakTests.m */ = {isa = PBXFileReference; lastKnownFileType = sourcecode.c.objc; path = StorakTests.m; sourceTree = "<group>"; };
		01488793E7374C5299AC345D /* Fontisto.ttf */ = {isa = PBXFileReference; explicitFileType = undefined; fileEncoding = undefined; includeInIndex = 0; lastKnownFileType = unknown; name = Fontisto.ttf; path = "../node_modules/native-base/Fonts/Fontisto.ttf"; sourceTree = "<group>"; };
		13B07F961A680F5B00A75B9A /* Storak.app */ = {isa = PBXFileReference; explicitFileType = wrapper.application; includeInIndex = 0; path = Storak.app; sourceTree = BUILT_PRODUCTS_DIR; };
		13B07FAF1A68108700A75B9A /* AppDelegate.h */ = {isa = PBXFileReference; fileEncoding = 4; lastKnownFileType = sourcecode.c.h; name = AppDelegate.h; path = Storak/AppDelegate.h; sourceTree = "<group>"; };
		13B07FB01A68108700A75B9A /* AppDelegate.m */ = {isa = PBXFileReference; fileEncoding = 4; lastKnownFileType = sourcecode.c.objc; name = AppDelegate.m; path = Storak/AppDelegate.m; sourceTree = "<group>"; };
		13B07FB51A68108700A75B9A /* Images.xcassets */ = {isa = PBXFileReference; lastKnownFileType = folder.assetcatalog; name = Images.xcassets; path = Storak/Images.xcassets; sourceTree = "<group>"; };
		13B07FB61A68108700A75B9A /* Info.plist */ = {isa = PBXFileReference; fileEncoding = 4; lastKnownFileType = text.plist.xml; name = Info.plist; path = Storak/Info.plist; sourceTree = "<group>"; };
		13B07FB71A68108700A75B9A /* main.m */ = {isa = PBXFileReference; fileEncoding = 4; lastKnownFileType = sourcecode.c.objc; name = main.m; path = Storak/main.m; sourceTree = "<group>"; };
		1497E4CEFBEC430F8B2F1BBF /* Fontisto.ttf */ = {isa = PBXFileReference; explicitFileType = undefined; fileEncoding = undefined; includeInIndex = 0; lastKnownFileType = unknown; name = Fontisto.ttf; path = "../node_modules/react-native-vector-icons/Fonts/Fontisto.ttf"; sourceTree = "<group>"; };
		15DF7317C07A4F7A9704BB1C /* Foundation.ttf */ = {isa = PBXFileReference; explicitFileType = undefined; fileEncoding = undefined; includeInIndex = 0; lastKnownFileType = unknown; name = Foundation.ttf; path = "../node_modules/native-base/Fonts/Foundation.ttf"; sourceTree = "<group>"; };
		198BDAD44105427D9E7EAFF0 /* AntDesign.ttf */ = {isa = PBXFileReference; explicitFileType = undefined; fileEncoding = undefined; includeInIndex = 0; lastKnownFileType = unknown; name = AntDesign.ttf; path = "../node_modules/react-native-vector-icons/Fonts/AntDesign.ttf"; sourceTree = "<group>"; };
		1BE11341C64B4B6AA403CB11 /* FontAwesome5_Regular.ttf */ = {isa = PBXFileReference; explicitFileType = undefined; fileEncoding = undefined; includeInIndex = 0; lastKnownFileType = unknown; name = FontAwesome5_Regular.ttf; path = "../node_modules/native-base/Fonts/FontAwesome5_Regular.ttf"; sourceTree = "<group>"; };
		1F127E55D41A48A5976BF4C9 /* Ionicons.ttf */ = {isa = PBXFileReference; explicitFileType = undefined; fileEncoding = undefined; includeInIndex = 0; lastKnownFileType = unknown; name = Ionicons.ttf; path = "../node_modules/native-base/Fonts/Ionicons.ttf"; sourceTree = "<group>"; };
		33EF1D5EF0614ABDB1A94026 /* Feather.ttf */ = {isa = PBXFileReference; explicitFileType = undefined; fileEncoding = undefined; includeInIndex = 0; lastKnownFileType = unknown; name = Feather.ttf; path = "../node_modules/native-base/Fonts/Feather.ttf"; sourceTree = "<group>"; };
		3689BC8C525040BD8701F8B1 /* SimpleLineIcons.ttf */ = {isa = PBXFileReference; explicitFileType = undefined; fileEncoding = undefined; includeInIndex = 0; lastKnownFileType = unknown; name = SimpleLineIcons.ttf; path = "../node_modules/react-native-vector-icons/Fonts/SimpleLineIcons.ttf"; sourceTree = "<group>"; };
		3A587C4CF0F34F1AA3F313FA /* Entypo.ttf */ = {isa = PBXFileReference; explicitFileType = undefined; fileEncoding = undefined; includeInIndex = 0; lastKnownFileType = unknown; name = Entypo.ttf; path = "../node_modules/native-base/Fonts/Entypo.ttf"; sourceTree = "<group>"; };
		3D733D06ED1D47AE9CAC9C28 /* Octicons.ttf */ = {isa = PBXFileReference; explicitFileType = undefined; fileEncoding = undefined; includeInIndex = 0; lastKnownFileType = unknown; name = Octicons.ttf; path = "../node_modules/react-native-vector-icons/Fonts/Octicons.ttf"; sourceTree = "<group>"; };
		4D6FED3D437B455CB503267A /* Ionicons.ttf */ = {isa = PBXFileReference; explicitFileType = undefined; fileEncoding = undefined; includeInIndex = 0; lastKnownFileType = unknown; name = Ionicons.ttf; path = "../node_modules/react-native-vector-icons/Fonts/Ionicons.ttf"; sourceTree = "<group>"; };
		5BAD692DF3F37AFEC56B0029 /* Pods-Storak.debug.xcconfig */ = {isa = PBXFileReference; includeInIndex = 1; lastKnownFileType = text.xcconfig; name = "Pods-Storak.debug.xcconfig"; path = "Target Support Files/Pods-Storak/Pods-Storak.debug.xcconfig"; sourceTree = "<group>"; };
		6102E841C7FE49BAA4418BE4 /* EvilIcons.ttf */ = {isa = PBXFileReference; explicitFileType = undefined; fileEncoding = undefined; includeInIndex = 0; lastKnownFileType = unknown; name = EvilIcons.ttf; path = "../node_modules/native-base/Fonts/EvilIcons.ttf"; sourceTree = "<group>"; };
		6639F9331F044895B03AE31C /* MaterialCommunityIcons.ttf */ = {isa = PBXFileReference; explicitFileType = undefined; fileEncoding = undefined; includeInIndex = 0; lastKnownFileType = unknown; name = MaterialCommunityIcons.ttf; path = "../node_modules/native-base/Fonts/MaterialCommunityIcons.ttf"; sourceTree = "<group>"; };
		6C2AAF1CB2D04414B60BC647 /* SimpleLineIcons.ttf */ = {isa = PBXFileReference; explicitFileType = undefined; fileEncoding = undefined; includeInIndex = 0; lastKnownFileType = unknown; name = SimpleLineIcons.ttf; path = "../node_modules/native-base/Fonts/SimpleLineIcons.ttf"; sourceTree = "<group>"; };
		6F2E757FA44E45B88D133634 /* libPods-Storak.a */ = {isa = PBXFileReference; explicitFileType = archive.ar; includeInIndex = 0; path = "libPods-Storak.a"; sourceTree = BUILT_PRODUCTS_DIR; };
		788F607C7B8E40ACA259200B /* Roboto_medium.ttf */ = {isa = PBXFileReference; explicitFileType = undefined; fileEncoding = undefined; includeInIndex = 0; lastKnownFileType = unknown; name = Roboto_medium.ttf; path = "../node_modules/native-base/Fonts/Roboto_medium.ttf"; sourceTree = "<group>"; };
		7C7D98B55EE040BEA295957B /* rubicon-icon-font.ttf */ = {isa = PBXFileReference; explicitFileType = undefined; fileEncoding = undefined; includeInIndex = 0; lastKnownFileType = unknown; name = "rubicon-icon-font.ttf"; path = "../node_modules/native-base/Fonts/rubicon-icon-font.ttf"; sourceTree = "<group>"; };
		7FBEA7772D2747CCA81BF840 /* Roboto.ttf */ = {isa = PBXFileReference; explicitFileType = undefined; fileEncoding = undefined; includeInIndex = 0; lastKnownFileType = unknown; name = Roboto.ttf; path = "../node_modules/native-base/Fonts/Roboto.ttf"; sourceTree = "<group>"; };
		812EA5C1C69D7C0AAF73396B /* libPods-Storak-StorakTests.a */ = {isa = PBXFileReference; explicitFileType = archive.ar; includeInIndex = 0; path = "libPods-Storak-StorakTests.a"; sourceTree = BUILT_PRODUCTS_DIR; };
		81AB9BB72411601600AC10FF /* LaunchScreen.storyboard */ = {isa = PBXFileReference; fileEncoding = 4; lastKnownFileType = file.storyboard; name = LaunchScreen.storyboard; path = Storak/LaunchScreen.storyboard; sourceTree = "<group>"; };
		820A6C57CC5A4F648AF4A8B0 /* FontAwesome5_Regular.ttf */ = {isa = PBXFileReference; explicitFileType = undefined; fileEncoding = undefined; includeInIndex = 0; lastKnownFileType = unknown; name = FontAwesome5_Regular.ttf; path = "../node_modules/react-native-vector-icons/Fonts/FontAwesome5_Regular.ttf"; sourceTree = "<group>"; };
		878B5568D33C419BBDB6CF78 /* EvilIcons.ttf */ = {isa = PBXFileReference; explicitFileType = undefined; fileEncoding = undefined; includeInIndex = 0; lastKnownFileType = unknown; name = EvilIcons.ttf; path = "../node_modules/react-native-vector-icons/Fonts/EvilIcons.ttf"; sourceTree = "<group>"; };
		8B2D61F2D4E64411B41A1C03 /* MaterialIcons.ttf */ = {isa = PBXFileReference; explicitFileType = undefined; fileEncoding = undefined; includeInIndex = 0; lastKnownFileType = unknown; name = MaterialIcons.ttf; path = "../node_modules/native-base/Fonts/MaterialIcons.ttf"; sourceTree = "<group>"; };
		9782492A0F22E67E01D85FFF /* Pods-Storak-StorakTests.release.xcconfig */ = {isa = PBXFileReference; includeInIndex = 1; lastKnownFileType = text.xcconfig; name = "Pods-Storak-StorakTests.release.xcconfig"; path = "Target Support Files/Pods-Storak-StorakTests/Pods-Storak-StorakTests.release.xcconfig"; sourceTree = "<group>"; };
		984AC4326AAD490BB5F6AAB4 /* Feather.ttf */ = {isa = PBXFileReference; explicitFileType = undefined; fileEncoding = undefined; includeInIndex = 0; lastKnownFileType = unknown; name = Feather.ttf; path = "../node_modules/react-native-vector-icons/Fonts/Feather.ttf"; sourceTree = "<group>"; };
		999CCBA3AC66E1490C72FC7F /* Pods-Storak-StorakTests.debug.xcconfig */ = {isa = PBXFileReference; includeInIndex = 1; lastKnownFileType = text.xcconfig; name = "Pods-Storak-StorakTests.debug.xcconfig"; path = "Target Support Files/Pods-Storak-StorakTests/Pods-Storak-StorakTests.debug.xcconfig"; sourceTree = "<group>"; };
		A009EA3A93164491933E2A4C /* Zocial.ttf */ = {isa = PBXFileReference; explicitFileType = undefined; fileEncoding = undefined; includeInIndex = 0; lastKnownFileType = unknown; name = Zocial.ttf; path = "../node_modules/react-native-vector-icons/Fonts/Zocial.ttf"; sourceTree = "<group>"; };
		A0377A9F8D32465E987A39E4 /* FontAwesome.ttf */ = {isa = PBXFileReference; explicitFileType = undefined; fileEncoding = undefined; includeInIndex = 0; lastKnownFileType = unknown; name = FontAwesome.ttf; path = "../node_modules/react-native-vector-icons/Fonts/FontAwesome.ttf"; sourceTree = "<group>"; };
		A6B5A8B34BB045C0AD2785BE /* Entypo.ttf */ = {isa = PBXFileReference; explicitFileType = undefined; fileEncoding = undefined; includeInIndex = 0; lastKnownFileType = unknown; name = Entypo.ttf; path = "../node_modules/react-native-vector-icons/Fonts/Entypo.ttf"; sourceTree = "<group>"; };
		A7F7507A47EA424D9383EDF0 /* FontAwesome5_Solid.ttf */ = {isa = PBXFileReference; explicitFileType = undefined; fileEncoding = undefined; includeInIndex = 0; lastKnownFileType = unknown; name = FontAwesome5_Solid.ttf; path = "../node_modules/react-native-vector-icons/Fonts/FontAwesome5_Solid.ttf"; sourceTree = "<group>"; };
		C56B881E4B2041E4ABBC89BA /* Zocial.ttf */ = {isa = PBXFileReference; explicitFileType = undefined; fileEncoding = undefined; includeInIndex = 0; lastKnownFileType = unknown; name = Zocial.ttf; path = "../node_modules/native-base/Fonts/Zocial.ttf"; sourceTree = "<group>"; };
		C89BD13B4F814E84AC5BA3B1 /* Octicons.ttf */ = {isa = PBXFileReference; explicitFileType = undefined; fileEncoding = undefined; includeInIndex = 0; lastKnownFileType = unknown; name = Octicons.ttf; path = "../node_modules/native-base/Fonts/Octicons.ttf"; sourceTree = "<group>"; };
		C94010431D984583AC92CB33 /* FontAwesome5_Brands.ttf */ = {isa = PBXFileReference; explicitFileType = undefined; fileEncoding = undefined; includeInIndex = 0; lastKnownFileType = unknown; name = FontAwesome5_Brands.ttf; path = "../node_modules/native-base/Fonts/FontAwesome5_Brands.ttf"; sourceTree = "<group>"; };
		CED3889338714A00875E2206 /* FontAwesome.ttf */ = {isa = PBXFileReference; explicitFileType = undefined; fileEncoding = undefined; includeInIndex = 0; lastKnownFileType = unknown; name = FontAwesome.ttf; path = "../node_modules/native-base/Fonts/FontAwesome.ttf"; sourceTree = "<group>"; };
		D2F4D31349B741BEB1564A13 /* MaterialIcons.ttf */ = {isa = PBXFileReference; explicitFileType = undefined; fileEncoding = undefined; includeInIndex = 0; lastKnownFileType = unknown; name = MaterialIcons.ttf; path = "../node_modules/react-native-vector-icons/Fonts/MaterialIcons.ttf"; sourceTree = "<group>"; };
		D4FF211E106F492998390269 /* Foundation.ttf */ = {isa = PBXFileReference; explicitFileType = undefined; fileEncoding = undefined; includeInIndex = 0; lastKnownFileType = unknown; name = Foundation.ttf; path = "../node_modules/react-native-vector-icons/Fonts/Foundation.ttf"; sourceTree = "<group>"; };
		D6AA1A53CCEB97065ED85878 /* Pods-Storak.release.xcconfig */ = {isa = PBXFileReference; includeInIndex = 1; lastKnownFileType = text.xcconfig; name = "Pods-Storak.release.xcconfig"; path = "Target Support Files/Pods-Storak/Pods-Storak.release.xcconfig"; sourceTree = "<group>"; };
		E4E726EA0F3D46668742F9D1 /* MaterialCommunityIcons.ttf */ = {isa = PBXFileReference; explicitFileType = undefined; fileEncoding = undefined; includeInIndex = 0; lastKnownFileType = unknown; name = MaterialCommunityIcons.ttf; path = "../node_modules/react-native-vector-icons/Fonts/MaterialCommunityIcons.ttf"; sourceTree = "<group>"; };
		E73D50AF149842B3BD32BCCA /* FontAwesome5_Solid.ttf */ = {isa = PBXFileReference; explicitFileType = undefined; fileEncoding = undefined; includeInIndex = 0; lastKnownFileType = unknown; name = FontAwesome5_Solid.ttf; path = "../node_modules/native-base/Fonts/FontAwesome5_Solid.ttf"; sourceTree = "<group>"; };
		ED297162215061F000B7C4FE /* JavaScriptCore.framework */ = {isa = PBXFileReference; lastKnownFileType = wrapper.framework; name = JavaScriptCore.framework; path = System/Library/Frameworks/JavaScriptCore.framework; sourceTree = SDKROOT; };
		F033347AAEB847EFB3FFA516 /* AntDesign.ttf */ = {isa = PBXFileReference; explicitFileType = undefined; fileEncoding = undefined; includeInIndex = 0; lastKnownFileType = unknown; name = AntDesign.ttf; path = "../node_modules/native-base/Fonts/AntDesign.ttf"; sourceTree = "<group>"; };
		F2D87F1F1CA84E6C90300640 /* FontAwesome5_Brands.ttf */ = {isa = PBXFileReference; explicitFileType = undefined; fileEncoding = undefined; includeInIndex = 0; lastKnownFileType = unknown; name = FontAwesome5_Brands.ttf; path = "../node_modules/react-native-vector-icons/Fonts/FontAwesome5_Brands.ttf"; sourceTree = "<group>"; };
/* End PBXFileReference section */

/* Begin PBXFrameworksBuildPhase section */
		00E356EB1AD99517003FC87E /* Frameworks */ = {
			isa = PBXFrameworksBuildPhase;
			buildActionMask = 2147483647;
			files = (
				B7B6CFDC5445104BB9F4D363 /* libPods-Storak-StorakTests.a in Frameworks */,
			);
			runOnlyForDeploymentPostprocessing = 0;
		};
		13B07F8C1A680F5B00A75B9A /* Frameworks */ = {
			isa = PBXFrameworksBuildPhase;
			buildActionMask = 2147483647;
			files = (
				4942382B8CAFCAD6A1DE3E57 /* libPods-Storak.a in Frameworks */,
			);
			runOnlyForDeploymentPostprocessing = 0;
		};
/* End PBXFrameworksBuildPhase section */

/* Begin PBXGroup section */
		00E356EF1AD99517003FC87E /* StorakTests */ = {
			isa = PBXGroup;
			children = (
				00E356F21AD99517003FC87E /* StorakTests.m */,
				00E356F01AD99517003FC87E /* Supporting Files */,
			);
			path = StorakTests;
			sourceTree = "<group>";
		};
		00E356F01AD99517003FC87E /* Supporting Files */ = {
			isa = PBXGroup;
			children = (
				00E356F11AD99517003FC87E /* Info.plist */,
			);
			name = "Supporting Files";
			sourceTree = "<group>";
		};
		13B07FAE1A68108700A75B9A /* Storak */ = {
			isa = PBXGroup;
			children = (
				13B07FAF1A68108700A75B9A /* AppDelegate.h */,
				13B07FB01A68108700A75B9A /* AppDelegate.m */,
				13B07FB51A68108700A75B9A /* Images.xcassets */,
				13B07FB61A68108700A75B9A /* Info.plist */,
				81AB9BB72411601600AC10FF /* LaunchScreen.storyboard */,
				13B07FB71A68108700A75B9A /* main.m */,
			);
			name = Storak;
			sourceTree = "<group>";
		};
		2D16E6871FA4F8E400B85C8A /* Frameworks */ = {
			isa = PBXGroup;
			children = (
				ED297162215061F000B7C4FE /* JavaScriptCore.framework */,
				6F2E757FA44E45B88D133634 /* libPods-Storak.a */,
				812EA5C1C69D7C0AAF73396B /* libPods-Storak-StorakTests.a */,
			);
			name = Frameworks;
			sourceTree = "<group>";
		};
		832341AE1AAA6A7D00B99B32 /* Libraries */ = {
			isa = PBXGroup;
			children = (
			);
			name = Libraries;
			sourceTree = "<group>";
		};
		83CBB9F61A601CBA00E9B192 = {
			isa = PBXGroup;
			children = (
				13B07FAE1A68108700A75B9A /* Storak */,
				832341AE1AAA6A7D00B99B32 /* Libraries */,
				00E356EF1AD99517003FC87E /* StorakTests */,
				83CBBA001A601CBA00E9B192 /* Products */,
				2D16E6871FA4F8E400B85C8A /* Frameworks */,
				B6E5EAF32AAC4B3BB9516B21 /* Resources */,
				D51AA76C0E7492AE09106F8E /* Pods */,
			);
			indentWidth = 2;
			sourceTree = "<group>";
			tabWidth = 2;
			usesTabs = 0;
		};
		83CBBA001A601CBA00E9B192 /* Products */ = {
			isa = PBXGroup;
			children = (
				13B07F961A680F5B00A75B9A /* Storak.app */,
				00E356EE1AD99517003FC87E /* StorakTests.xctest */,
			);
			name = Products;
			sourceTree = "<group>";
		};
		B6E5EAF32AAC4B3BB9516B21 /* Resources */ = {
			isa = PBXGroup;
			children = (
				198BDAD44105427D9E7EAFF0 /* AntDesign.ttf */,
				A6B5A8B34BB045C0AD2785BE /* Entypo.ttf */,
				878B5568D33C419BBDB6CF78 /* EvilIcons.ttf */,
				984AC4326AAD490BB5F6AAB4 /* Feather.ttf */,
				A0377A9F8D32465E987A39E4 /* FontAwesome.ttf */,
				F2D87F1F1CA84E6C90300640 /* FontAwesome5_Brands.ttf */,
				820A6C57CC5A4F648AF4A8B0 /* FontAwesome5_Regular.ttf */,
				A7F7507A47EA424D9383EDF0 /* FontAwesome5_Solid.ttf */,
				1497E4CEFBEC430F8B2F1BBF /* Fontisto.ttf */,
				D4FF211E106F492998390269 /* Foundation.ttf */,
				4D6FED3D437B455CB503267A /* Ionicons.ttf */,
				E4E726EA0F3D46668742F9D1 /* MaterialCommunityIcons.ttf */,
				D2F4D31349B741BEB1564A13 /* MaterialIcons.ttf */,
				3D733D06ED1D47AE9CAC9C28 /* Octicons.ttf */,
				3689BC8C525040BD8701F8B1 /* SimpleLineIcons.ttf */,
				A009EA3A93164491933E2A4C /* Zocial.ttf */,
				F033347AAEB847EFB3FFA516 /* AntDesign.ttf */,
				3A587C4CF0F34F1AA3F313FA /* Entypo.ttf */,
				6102E841C7FE49BAA4418BE4 /* EvilIcons.ttf */,
				33EF1D5EF0614ABDB1A94026 /* Feather.ttf */,
				CED3889338714A00875E2206 /* FontAwesome.ttf */,
				C94010431D984583AC92CB33 /* FontAwesome5_Brands.ttf */,
				1BE11341C64B4B6AA403CB11 /* FontAwesome5_Regular.ttf */,
				E73D50AF149842B3BD32BCCA /* FontAwesome5_Solid.ttf */,
				01488793E7374C5299AC345D /* Fontisto.ttf */,
				15DF7317C07A4F7A9704BB1C /* Foundation.ttf */,
				1F127E55D41A48A5976BF4C9 /* Ionicons.ttf */,
				6639F9331F044895B03AE31C /* MaterialCommunityIcons.ttf */,
				8B2D61F2D4E64411B41A1C03 /* MaterialIcons.ttf */,
				C89BD13B4F814E84AC5BA3B1 /* Octicons.ttf */,
				788F607C7B8E40ACA259200B /* Roboto_medium.ttf */,
				7FBEA7772D2747CCA81BF840 /* Roboto.ttf */,
				7C7D98B55EE040BEA295957B /* rubicon-icon-font.ttf */,
				6C2AAF1CB2D04414B60BC647 /* SimpleLineIcons.ttf */,
				C56B881E4B2041E4ABBC89BA /* Zocial.ttf */,
			);
			name = Resources;
			path = "";
			sourceTree = "<group>";
		};
		D51AA76C0E7492AE09106F8E /* Pods */ = {
			isa = PBXGroup;
			children = (
				5BAD692DF3F37AFEC56B0029 /* Pods-Storak.debug.xcconfig */,
				D6AA1A53CCEB97065ED85878 /* Pods-Storak.release.xcconfig */,
				999CCBA3AC66E1490C72FC7F /* Pods-Storak-StorakTests.debug.xcconfig */,
				9782492A0F22E67E01D85FFF /* Pods-Storak-StorakTests.release.xcconfig */,
			);
			name = Pods;
			path = Pods;
			sourceTree = "<group>";
		};
/* End PBXGroup section */

/* Begin PBXNativeTarget section */
		00E356ED1AD99517003FC87E /* StorakTests */ = {
			isa = PBXNativeTarget;
			buildConfigurationList = 00E357021AD99517003FC87E /* Build configuration list for PBXNativeTarget "StorakTests" */;
			buildPhases = (
				C00E1E98951B8C1D216E06B0 /* [CP] Check Pods Manifest.lock */,
				00E356EA1AD99517003FC87E /* Sources */,
				00E356EB1AD99517003FC87E /* Frameworks */,
				00E356EC1AD99517003FC87E /* Resources */,
				7B564B47DB0EC4CC5DBE70E5 /* [CP] Embed Pods Frameworks */,
				24891CE99652DA9458316482 /* [CP] Copy Pods Resources */,
			);
			buildRules = (
			);
			dependencies = (
				00E356F51AD99517003FC87E /* PBXTargetDependency */,
			);
			name = StorakTests;
			productName = StorakTests;
			productReference = 00E356EE1AD99517003FC87E /* StorakTests.xctest */;
			productType = "com.apple.product-type.bundle.unit-test";
		};
		13B07F861A680F5B00A75B9A /* Storak */ = {
			isa = PBXNativeTarget;
			buildConfigurationList = 13B07F931A680F5B00A75B9A /* Build configuration list for PBXNativeTarget "Storak" */;
			buildPhases = (
				1F295F53564E1DF03587A457 /* [CP] Check Pods Manifest.lock */,
				FD10A7F022414F080027D42C /* Start Packager */,
				13B07F871A680F5B00A75B9A /* Sources */,
				13B07F8C1A680F5B00A75B9A /* Frameworks */,
				13B07F8E1A680F5B00A75B9A /* Resources */,
				00DD1BFF1BD5951E006B06BC /* Bundle React Native code and images */,
				411A97837BBDB9FF4F6C9DCA /* [CP] Embed Pods Frameworks */,
				8CB86606665AB634F6193283 /* [CP] Copy Pods Resources */,
			);
			buildRules = (
			);
			dependencies = (
			);
			name = Storak;
			productName = Storak;
			productReference = 13B07F961A680F5B00A75B9A /* Storak.app */;
			productType = "com.apple.product-type.application";
		};
/* End PBXNativeTarget section */

/* Begin PBXProject section */
		83CBB9F71A601CBA00E9B192 /* Project object */ = {
			isa = PBXProject;
			attributes = {
				LastUpgradeCheck = 1210;
				TargetAttributes = {
					00E356ED1AD99517003FC87E = {
						CreatedOnToolsVersion = 6.2;
						TestTargetID = 13B07F861A680F5B00A75B9A;
					};
					13B07F861A680F5B00A75B9A = {
						LastSwiftMigration = 1120;
					};
				};
			};
			buildConfigurationList = 83CBB9FA1A601CBA00E9B192 /* Build configuration list for PBXProject "Storak" */;
			compatibilityVersion = "Xcode 12.0";
			developmentRegion = en;
			hasScannedForEncodings = 0;
			knownRegions = (
				en,
				Base,
			);
			mainGroup = 83CBB9F61A601CBA00E9B192;
			productRefGroup = 83CBBA001A601CBA00E9B192 /* Products */;
			projectDirPath = "";
			projectRoot = "";
			targets = (
				13B07F861A680F5B00A75B9A /* Storak */,
				00E356ED1AD99517003FC87E /* StorakTests */,
			);
		};
/* End PBXProject section */

/* Begin PBXResourcesBuildPhase section */
		00E356EC1AD99517003FC87E /* Resources */ = {
			isa = PBXResourcesBuildPhase;
			buildActionMask = 2147483647;
			files = (
			);
			runOnlyForDeploymentPostprocessing = 0;
		};
		13B07F8E1A680F5B00A75B9A /* Resources */ = {
			isa = PBXResourcesBuildPhase;
			buildActionMask = 2147483647;
			files = (
				81AB9BB82411601600AC10FF /* LaunchScreen.storyboard in Resources */,
				13B07FBF1A68108700A75B9A /* Images.xcassets in Resources */,
				F2ECCD7111E649DC9B55E7E3 /* AntDesign.ttf in Resources */,
				6E10208B19044A6DB03F67B2 /* Entypo.ttf in Resources */,
				4CAE22AA014948A0873293CB /* EvilIcons.ttf in Resources */,
				40F75A4567ED49089F0557BB /* Feather.ttf in Resources */,
				2B8174D86091424D8D5F6540 /* FontAwesome.ttf in Resources */,
				0719EB489DE04276B8BD2E5C /* FontAwesome5_Brands.ttf in Resources */,
				8D9FDD2C86FC47F096FB43FF /* FontAwesome5_Regular.ttf in Resources */,
				77A74D56EC574BF79DB0C811 /* FontAwesome5_Solid.ttf in Resources */,
				3ABEACF48C50439CBD29EB37 /* Fontisto.ttf in Resources */,
				A4485E05126140C3B6646128 /* Foundation.ttf in Resources */,
				72F70CAA1D2446A2A0433C76 /* Ionicons.ttf in Resources */,
				51C387318FE8452D96E1FFF6 /* MaterialCommunityIcons.ttf in Resources */,
				D6E3ABE921804815816BB366 /* MaterialIcons.ttf in Resources */,
				FD88B8ABC1CD4EBA9F964994 /* Octicons.ttf in Resources */,
				22BD4112A7E94158ACC84B8C /* SimpleLineIcons.ttf in Resources */,
				22752062FD1046C6A96A479F /* Zocial.ttf in Resources */,
				064FA4F0C92F493F91E6FBC9 /* AntDesign.ttf in Resources */,
				9DA45BA53E054DC391806D6C /* Entypo.ttf in Resources */,
				A08EC18A34D841329073352A /* EvilIcons.ttf in Resources */,
				9E185B3D8187438183483508 /* Feather.ttf in Resources */,
				92790B11A0AF42B48A8D4E47 /* FontAwesome.ttf in Resources */,
				9C20F7C0B5DA47F4B6545270 /* FontAwesome5_Brands.ttf in Resources */,
				F10849FD2013493B8125BA40 /* FontAwesome5_Regular.ttf in Resources */,
				20723114278446D195D37D21 /* FontAwesome5_Solid.ttf in Resources */,
				9B7D156BE4134DA4BD1D5153 /* Fontisto.ttf in Resources */,
				F2E9B8E67605496386CCA56E /* Foundation.ttf in Resources */,
				5B1007DE965A4C4ABBDD8804 /* Ionicons.ttf in Resources */,
				5B1EBD6926A246949A0478E8 /* MaterialCommunityIcons.ttf in Resources */,
				08556AA21A644684A7788D27 /* MaterialIcons.ttf in Resources */,
				086C7A90A5C5432D9A82925F /* Octicons.ttf in Resources */,
				1C166AFEA03C4A2BA38EEC3A /* Roboto_medium.ttf in Resources */,
				EDC482865CA4495A9890FEE1 /* Roboto.ttf in Resources */,
				88DE5EF58CA74CE2ADC40808 /* rubicon-icon-font.ttf in Resources */,
				CDF3434F7C824D579C071281 /* SimpleLineIcons.ttf in Resources */,
				7852DE565B2648AA9912566C /* Zocial.ttf in Resources */,
			);
			runOnlyForDeploymentPostprocessing = 0;
		};
/* End PBXResourcesBuildPhase section */

/* Begin PBXShellScriptBuildPhase section */
		00DD1BFF1BD5951E006B06BC /* Bundle React Native code and images */ = {
			isa = PBXShellScriptBuildPhase;
			buildActionMask = 2147483647;
			files = (
			);
			inputPaths = (
			);
			name = "Bundle React Native code and images";
			outputPaths = (
			);
			runOnlyForDeploymentPostprocessing = 0;
			shellPath = /bin/sh;
			shellScript = "set -e\n\nexport NODE_BINARY=node\n../node_modules/react-native/scripts/react-native-xcode.sh\n";
		};
		1F295F53564E1DF03587A457 /* [CP] Check Pods Manifest.lock */ = {
			isa = PBXShellScriptBuildPhase;
			buildActionMask = 2147483647;
			files = (
			);
			inputFileListPaths = (
			);
			inputPaths = (
				"${PODS_PODFILE_DIR_PATH}/Podfile.lock",
				"${PODS_ROOT}/Manifest.lock",
			);
			name = "[CP] Check Pods Manifest.lock";
			outputFileListPaths = (
			);
			outputPaths = (
				"$(DERIVED_FILE_DIR)/Pods-Storak-checkManifestLockResult.txt",
			);
			runOnlyForDeploymentPostprocessing = 0;
			shellPath = /bin/sh;
			shellScript = "diff \"${PODS_PODFILE_DIR_PATH}/Podfile.lock\" \"${PODS_ROOT}/Manifest.lock\" > /dev/null\nif [ $? != 0 ] ; then\n    # print error to STDERR\n    echo \"error: The sandbox is not in sync with the Podfile.lock. Run 'pod install' or update your CocoaPods installation.\" >&2\n    exit 1\nfi\n# This output is used by Xcode 'outputs' to avoid re-running this script phase.\necho \"SUCCESS\" > \"${SCRIPT_OUTPUT_FILE_0}\"\n";
			showEnvVarsInLog = 0;
		};
		24891CE99652DA9458316482 /* [CP] Copy Pods Resources */ = {
			isa = PBXShellScriptBuildPhase;
			buildActionMask = 2147483647;
			files = (
			);
			inputFileListPaths = (
				"${PODS_ROOT}/Target Support Files/Pods-Storak-StorakTests/Pods-Storak-StorakTests-resources-${CONFIGURATION}-input-files.xcfilelist",
			);
			name = "[CP] Copy Pods Resources";
			outputFileListPaths = (
				"${PODS_ROOT}/Target Support Files/Pods-Storak-StorakTests/Pods-Storak-StorakTests-resources-${CONFIGURATION}-output-files.xcfilelist",
			);
			runOnlyForDeploymentPostprocessing = 0;
			shellPath = /bin/sh;
			shellScript = "\"${PODS_ROOT}/Target Support Files/Pods-Storak-StorakTests/Pods-Storak-StorakTests-resources.sh\"\n";
			showEnvVarsInLog = 0;
		};
		411A97837BBDB9FF4F6C9DCA /* [CP] Embed Pods Frameworks */ = {
			isa = PBXShellScriptBuildPhase;
			buildActionMask = 2147483647;
			files = (
			);
			inputFileListPaths = (
				"${PODS_ROOT}/Target Support Files/Pods-Storak/Pods-Storak-frameworks-${CONFIGURATION}-input-files.xcfilelist",
			);
			name = "[CP] Embed Pods Frameworks";
			outputFileListPaths = (
				"${PODS_ROOT}/Target Support Files/Pods-Storak/Pods-Storak-frameworks-${CONFIGURATION}-output-files.xcfilelist",
			);
			runOnlyForDeploymentPostprocessing = 0;
			shellPath = /bin/sh;
			shellScript = "\"${PODS_ROOT}/Target Support Files/Pods-Storak/Pods-Storak-frameworks.sh\"\n";
			showEnvVarsInLog = 0;
		};
		7B564B47DB0EC4CC5DBE70E5 /* [CP] Embed Pods Frameworks */ = {
			isa = PBXShellScriptBuildPhase;
			buildActionMask = 2147483647;
			files = (
			);
			inputFileListPaths = (
				"${PODS_ROOT}/Target Support Files/Pods-Storak-StorakTests/Pods-Storak-StorakTests-frameworks-${CONFIGURATION}-input-files.xcfilelist",
			);
			name = "[CP] Embed Pods Frameworks";
			outputFileListPaths = (
				"${PODS_ROOT}/Target Support Files/Pods-Storak-StorakTests/Pods-Storak-StorakTests-frameworks-${CONFIGURATION}-output-files.xcfilelist",
			);
			runOnlyForDeploymentPostprocessing = 0;
			shellPath = /bin/sh;
			shellScript = "\"${PODS_ROOT}/Target Support Files/Pods-Storak-StorakTests/Pods-Storak-StorakTests-frameworks.sh\"\n";
			showEnvVarsInLog = 0;
		};
		8CB86606665AB634F6193283 /* [CP] Copy Pods Resources */ = {
			isa = PBXShellScriptBuildPhase;
			buildActionMask = 2147483647;
			files = (
			);
			inputFileListPaths = (
				"${PODS_ROOT}/Target Support Files/Pods-Storak/Pods-Storak-resources-${CONFIGURATION}-input-files.xcfilelist",
			);
			name = "[CP] Copy Pods Resources";
			outputFileListPaths = (
				"${PODS_ROOT}/Target Support Files/Pods-Storak/Pods-Storak-resources-${CONFIGURATION}-output-files.xcfilelist",
			);
			runOnlyForDeploymentPostprocessing = 0;
			shellPath = /bin/sh;
			shellScript = "\"${PODS_ROOT}/Target Support Files/Pods-Storak/Pods-Storak-resources.sh\"\n";
			showEnvVarsInLog = 0;
		};
		C00E1E98951B8C1D216E06B0 /* [CP] Check Pods Manifest.lock */ = {
			isa = PBXShellScriptBuildPhase;
			buildActionMask = 2147483647;
			files = (
			);
			inputFileListPaths = (
			);
			inputPaths = (
				"${PODS_PODFILE_DIR_PATH}/Podfile.lock",
				"${PODS_ROOT}/Manifest.lock",
			);
			name = "[CP] Check Pods Manifest.lock";
			outputFileListPaths = (
			);
			outputPaths = (
				"$(DERIVED_FILE_DIR)/Pods-Storak-StorakTests-checkManifestLockResult.txt",
			);
			runOnlyForDeploymentPostprocessing = 0;
			shellPath = /bin/sh;
			shellScript = "diff \"${PODS_PODFILE_DIR_PATH}/Podfile.lock\" \"${PODS_ROOT}/Manifest.lock\" > /dev/null\nif [ $? != 0 ] ; then\n    # print error to STDERR\n    echo \"error: The sandbox is not in sync with the Podfile.lock. Run 'pod install' or update your CocoaPods installation.\" >&2\n    exit 1\nfi\n# This output is used by Xcode 'outputs' to avoid re-running this script phase.\necho \"SUCCESS\" > \"${SCRIPT_OUTPUT_FILE_0}\"\n";
			showEnvVarsInLog = 0;
		};
		FD10A7F022414F080027D42C /* Start Packager */ = {
			isa = PBXShellScriptBuildPhase;
			buildActionMask = 2147483647;
			files = (
			);
			inputFileListPaths = (
			);
			inputPaths = (
			);
			name = "Start Packager";
			outputFileListPaths = (
			);
			outputPaths = (
			);
			runOnlyForDeploymentPostprocessing = 0;
			shellPath = /bin/sh;
			shellScript = "export RCT_METRO_PORT=\"${RCT_METRO_PORT:=8081}\"\necho \"export RCT_METRO_PORT=${RCT_METRO_PORT}\" > \"${SRCROOT}/../node_modules/react-native/scripts/.packager.env\"\nif [ -z \"${RCT_NO_LAUNCH_PACKAGER+xxx}\" ] ; then\n  if nc -w 5 -z localhost ${RCT_METRO_PORT} ; then\n    if ! curl -s \"http://localhost:${RCT_METRO_PORT}/status\" | grep -q \"packager-status:running\" ; then\n      echo \"Port ${RCT_METRO_PORT} already in use, packager is either not running or not running correctly\"\n      exit 2\n    fi\n  else\n    open \"$SRCROOT/../node_modules/react-native/scripts/launchPackager.command\" || echo \"Can't start packager automatically\"\n  fi\nfi\n";
			showEnvVarsInLog = 0;
		};
/* End PBXShellScriptBuildPhase section */

/* Begin PBXSourcesBuildPhase section */
		00E356EA1AD99517003FC87E /* Sources */ = {
			isa = PBXSourcesBuildPhase;
			buildActionMask = 2147483647;
			files = (
				00E356F31AD99517003FC87E /* StorakTests.m in Sources */,
			);
			runOnlyForDeploymentPostprocessing = 0;
		};
		13B07F871A680F5B00A75B9A /* Sources */ = {
			isa = PBXSourcesBuildPhase;
			buildActionMask = 2147483647;
			files = (
				13B07FBC1A68108700A75B9A /* AppDelegate.m in Sources */,
				13B07FC11A68108700A75B9A /* main.m in Sources */,
			);
			runOnlyForDeploymentPostprocessing = 0;
		};
/* End PBXSourcesBuildPhase section */

/* Begin PBXTargetDependency section */
		00E356F51AD99517003FC87E /* PBXTargetDependency */ = {
			isa = PBXTargetDependency;
			target = 13B07F861A680F5B00A75B9A /* Storak */;
			targetProxy = 00E356F41AD99517003FC87E /* PBXContainerItemProxy */;
		};
/* End PBXTargetDependency section */

/* Begin XCBuildConfiguration section */
		00E356F61AD99517003FC87E /* Debug */ = {
			isa = XCBuildConfiguration;
			baseConfigurationReference = 999CCBA3AC66E1490C72FC7F /* Pods-Storak-StorakTests.debug.xcconfig */;
			buildSettings = {
				BUNDLE_LOADER = "$(TEST_HOST)";
				GCC_PREPROCESSOR_DEFINITIONS = (
					"DEBUG=1",
					"$(inherited)",
				);
				INFOPLIST_FILE = StorakTests/Info.plist;
				IPHONEOS_DEPLOYMENT_TARGET = 10.0;
				LD_RUNPATH_SEARCH_PATHS = (
					"$(inherited)",
					"@executable_path/Frameworks",
					"@loader_path/Frameworks",
				);
				OTHER_LDFLAGS = (
					"-ObjC",
					"-lc++",
					"$(inherited)",
				);
				PRODUCT_BUNDLE_IDENTIFIER = "org.reactjs.native.example.$(PRODUCT_NAME:rfc1034identifier)";
				PRODUCT_NAME = "$(TARGET_NAME)";
				TEST_HOST = "$(BUILT_PRODUCTS_DIR)/Storak.app/Storak";
			};
			name = Debug;
		};
		00E356F71AD99517003FC87E /* Release */ = {
			isa = XCBuildConfiguration;
			baseConfigurationReference = 9782492A0F22E67E01D85FFF /* Pods-Storak-StorakTests.release.xcconfig */;
			buildSettings = {
				BUNDLE_LOADER = "$(TEST_HOST)";
				COPY_PHASE_STRIP = NO;
				INFOPLIST_FILE = StorakTests/Info.plist;
				IPHONEOS_DEPLOYMENT_TARGET = 10.0;
				LD_RUNPATH_SEARCH_PATHS = (
					"$(inherited)",
					"@executable_path/Frameworks",
					"@loader_path/Frameworks",
				);
				OTHER_LDFLAGS = (
					"-ObjC",
					"-lc++",
					"$(inherited)",
				);
				PRODUCT_BUNDLE_IDENTIFIER = "org.reactjs.native.example.$(PRODUCT_NAME:rfc1034identifier)";
				PRODUCT_NAME = "$(TARGET_NAME)";
				TEST_HOST = "$(BUILT_PRODUCTS_DIR)/Storak.app/Storak";
			};
			name = Release;
		};
		13B07F941A680F5B00A75B9A /* Debug */ = {
			isa = XCBuildConfiguration;
			baseConfigurationReference = 5BAD692DF3F37AFEC56B0029 /* Pods-Storak.debug.xcconfig */;
			buildSettings = {
				ASSETCATALOG_COMPILER_APPICON_NAME = AppIcon;
				CLANG_ENABLE_MODULES = YES;
				CURRENT_PROJECT_VERSION = 1;
				ENABLE_BITCODE = NO;
				INFOPLIST_FILE = Storak/Info.plist;
				LD_RUNPATH_SEARCH_PATHS = (
					"$(inherited)",
					"@executable_path/Frameworks",
				);
				OTHER_LDFLAGS = (
					"$(inherited)",
					"-ObjC",
					"-lc++",
				);
				PRODUCT_BUNDLE_IDENTIFIER = "org.reactjs.native.example.$(PRODUCT_NAME:rfc1034identifier)";
				PRODUCT_NAME = Storak;
				SWIFT_OPTIMIZATION_LEVEL = "-Onone";
				SWIFT_VERSION = 5.0;
				VERSIONING_SYSTEM = "apple-generic";
			};
			name = Debug;
		};
		13B07F951A680F5B00A75B9A /* Release */ = {
			isa = XCBuildConfiguration;
			baseConfigurationReference = D6AA1A53CCEB97065ED85878 /* Pods-Storak.release.xcconfig */;
			buildSettings = {
				ASSETCATALOG_COMPILER_APPICON_NAME = AppIcon;
				CLANG_ENABLE_MODULES = YES;
				CURRENT_PROJECT_VERSION = 1;
				INFOPLIST_FILE = Storak/Info.plist;
				LD_RUNPATH_SEARCH_PATHS = (
					"$(inherited)",
					"@executable_path/Frameworks",
				);
				OTHER_LDFLAGS = (
					"$(inherited)",
					"-ObjC",
					"-lc++",
				);
				PRODUCT_BUNDLE_IDENTIFIER = "org.reactjs.native.example.$(PRODUCT_NAME:rfc1034identifier)";
				PRODUCT_NAME = Storak;
				SWIFT_VERSION = 5.0;
				VERSIONING_SYSTEM = "apple-generic";
			};
			name = Release;
		};
		83CBBA201A601CBA00E9B192 /* Debug */ = {
			isa = XCBuildConfiguration;
			buildSettings = {
				ALWAYS_SEARCH_USER_PATHS = NO;
				CLANG_ANALYZER_LOCALIZABILITY_NONLOCALIZED = YES;
				CLANG_CXX_LANGUAGE_STANDARD = "gnu++0x";
				CLANG_CXX_LIBRARY = "libc++";
				CLANG_ENABLE_MODULES = YES;
				CLANG_ENABLE_OBJC_ARC = YES;
				CLANG_WARN_BLOCK_CAPTURE_AUTORELEASING = YES;
				CLANG_WARN_BOOL_CONVERSION = YES;
				CLANG_WARN_COMMA = YES;
				CLANG_WARN_CONSTANT_CONVERSION = YES;
				CLANG_WARN_DEPRECATED_OBJC_IMPLEMENTATIONS = YES;
				CLANG_WARN_DIRECT_OBJC_ISA_USAGE = YES_ERROR;
				CLANG_WARN_EMPTY_BODY = YES;
				CLANG_WARN_ENUM_CONVERSION = YES;
				CLANG_WARN_INFINITE_RECURSION = YES;
				CLANG_WARN_INT_CONVERSION = YES;
				CLANG_WARN_NON_LITERAL_NULL_CONVERSION = YES;
				CLANG_WARN_OBJC_IMPLICIT_RETAIN_SELF = YES;
				CLANG_WARN_OBJC_LITERAL_CONVERSION = YES;
				CLANG_WARN_OBJC_ROOT_CLASS = YES_ERROR;
				CLANG_WARN_QUOTED_INCLUDE_IN_FRAMEWORK_HEADER = YES;
				CLANG_WARN_RANGE_LOOP_ANALYSIS = YES;
				CLANG_WARN_STRICT_PROTOTYPES = YES;
				CLANG_WARN_SUSPICIOUS_MOVE = YES;
				CLANG_WARN_UNREACHABLE_CODE = YES;
				CLANG_WARN__DUPLICATE_METHOD_MATCH = YES;
				"CODE_SIGN_IDENTITY[sdk=iphoneos*]" = "iPhone Developer";
				COPY_PHASE_STRIP = NO;
				ENABLE_STRICT_OBJC_MSGSEND = YES;
				ENABLE_TESTABILITY = YES;
				"EXCLUDED_ARCHS[sdk=iphonesimulator*]" = "arm64 ";
				GCC_C_LANGUAGE_STANDARD = gnu99;
				GCC_DYNAMIC_NO_PIC = NO;
				GCC_NO_COMMON_BLOCKS = YES;
				GCC_OPTIMIZATION_LEVEL = 0;
				GCC_PREPROCESSOR_DEFINITIONS = (
					"DEBUG=1",
					"$(inherited)",
				);
				GCC_SYMBOLS_PRIVATE_EXTERN = NO;
				GCC_WARN_64_TO_32_BIT_CONVERSION = YES;
				GCC_WARN_ABOUT_RETURN_TYPE = YES_ERROR;
				GCC_WARN_UNDECLARED_SELECTOR = YES;
				GCC_WARN_UNINITIALIZED_AUTOS = YES_AGGRESSIVE;
				GCC_WARN_UNUSED_FUNCTION = YES;
				GCC_WARN_UNUSED_VARIABLE = YES;
				IPHONEOS_DEPLOYMENT_TARGET = 10.0;
				LD_RUNPATH_SEARCH_PATHS = (
					/usr/lib/swift,
					"$(inherited)",
				);
				LIBRARY_SEARCH_PATHS = (
					"\"$(TOOLCHAIN_DIR)/usr/lib/swift/$(PLATFORM_NAME)\"",
					"\"$(TOOLCHAIN_DIR)/usr/lib/swift-5.0/$(PLATFORM_NAME)\"",
					"\"$(inherited)\"",
				);
				MTL_ENABLE_DEBUG_INFO = YES;
				ONLY_ACTIVE_ARCH = YES;
				SDKROOT = iphoneos;
			};
			name = Debug;
		};
		83CBBA211A601CBA00E9B192 /* Release */ = {
			isa = XCBuildConfiguration;
			buildSettings = {
				ALWAYS_SEARCH_USER_PATHS = NO;
				CLANG_ANALYZER_LOCALIZABILITY_NONLOCALIZED = YES;
				CLANG_CXX_LANGUAGE_STANDARD = "gnu++0x";
				CLANG_CXX_LIBRARY = "libc++";
				CLANG_ENABLE_MODULES = YES;
				CLANG_ENABLE_OBJC_ARC = YES;
				CLANG_WARN_BLOCK_CAPTURE_AUTORELEASING = YES;
				CLANG_WARN_BOOL_CONVERSION = YES;
				CLANG_WARN_COMMA = YES;
				CLANG_WARN_CONSTANT_CONVERSION = YES;
				CLANG_WARN_DEPRECATED_OBJC_IMPLEMENTATIONS = YES;
				CLANG_WARN_DIRECT_OBJC_ISA_USAGE = YES_ERROR;
				CLANG_WARN_EMPTY_BODY = YES;
				CLANG_WARN_ENUM_CONVERSION = YES;
				CLANG_WARN_INFINITE_RECURSION = YES;
				CLANG_WARN_INT_CONVERSION = YES;
				CLANG_WARN_NON_LITERAL_NULL_CONVERSION = YES;
				CLANG_WARN_OBJC_IMPLICIT_RETAIN_SELF = YES;
				CLANG_WARN_OBJC_LITERAL_CONVERSION = YES;
				CLANG_WARN_OBJC_ROOT_CLASS = YES_ERROR;
				CLANG_WARN_QUOTED_INCLUDE_IN_FRAMEWORK_HEADER = YES;
				CLANG_WARN_RANGE_LOOP_ANALYSIS = YES;
				CLANG_WARN_STRICT_PROTOTYPES = YES;
				CLANG_WARN_SUSPICIOUS_MOVE = YES;
				CLANG_WARN_UNREACHABLE_CODE = YES;
				CLANG_WARN__DUPLICATE_METHOD_MATCH = YES;
				"CODE_SIGN_IDENTITY[sdk=iphoneos*]" = "iPhone Developer";
				COPY_PHASE_STRIP = YES;
				ENABLE_NS_ASSERTIONS = NO;
				ENABLE_STRICT_OBJC_MSGSEND = YES;
				"EXCLUDED_ARCHS[sdk=iphonesimulator*]" = "arm64 ";
				GCC_C_LANGUAGE_STANDARD = gnu99;
				GCC_NO_COMMON_BLOCKS = YES;
				GCC_WARN_64_TO_32_BIT_CONVERSION = YES;
				GCC_WARN_ABOUT_RETURN_TYPE = YES_ERROR;
				GCC_WARN_UNDECLARED_SELECTOR = YES;
				GCC_WARN_UNINITIALIZED_AUTOS = YES_AGGRESSIVE;
				GCC_WARN_UNUSED_FUNCTION = YES;
				GCC_WARN_UNUSED_VARIABLE = YES;
				IPHONEOS_DEPLOYMENT_TARGET = 10.0;
				LD_RUNPATH_SEARCH_PATHS = (
					/usr/lib/swift,
					"$(inherited)",
				);
				LIBRARY_SEARCH_PATHS = (
					"\"$(TOOLCHAIN_DIR)/usr/lib/swift/$(PLATFORM_NAME)\"",
					"\"$(TOOLCHAIN_DIR)/usr/lib/swift-5.0/$(PLATFORM_NAME)\"",
					"\"$(inherited)\"",
				);
				MTL_ENABLE_DEBUG_INFO = NO;
				SDKROOT = iphoneos;
				VALIDATE_PRODUCT = YES;
			};
			name = Release;
		};
/* End XCBuildConfiguration section */

/* Begin XCConfigurationList section */
		00E357021AD99517003FC87E /* Build configuration list for PBXNativeTarget "StorakTests" */ = {
			isa = XCConfigurationList;
			buildConfigurations = (
				00E356F61AD99517003FC87E /* Debug */,
				00E356F71AD99517003FC87E /* Release */,
			);
			defaultConfigurationIsVisible = 0;
			defaultConfigurationName = Release;
		};
		13B07F931A680F5B00A75B9A /* Build configuration list for PBXNativeTarget "Storak" */ = {
			isa = XCConfigurationList;
			buildConfigurations = (
				13B07F941A680F5B00A75B9A /* Debug */,
				13B07F951A680F5B00A75B9A /* Release */,
			);
			defaultConfigurationIsVisible = 0;
			defaultConfigurationName = Release;
		};
		83CBB9FA1A601CBA00E9B192 /* Build configuration list for PBXProject "Storak" */ = {
			isa = XCConfigurationList;
			buildConfigurations = (
				83CBBA201A601CBA00E9B192 /* Debug */,
				83CBBA211A601CBA00E9B192 /* Release */,
			);
			defaultConfigurationIsVisible = 0;
			defaultConfigurationName = Release;
		};
/* End XCConfigurationList section */
	};
	rootObject = 83CBB9F71A601CBA00E9B192 /* Project object */;
}
